// !$*UTF8*$!
{
	archiveVersion = 1;
	classes = {
	};
	objectVersion = 56;
	objects = {

/* Begin PBXBuildFile section */
		0312FE982AC56734006632B8 /* HStackClipShapeOutside.swift in Sources */ = {isa = PBXBuildFile; fileRef = 0312FE972AC56734006632B8 /* HStackClipShapeOutside.swift */; };
		0312FE9A2AC56799006632B8 /* HStackButtonBorderShapeCapsuleOutside.swift in Sources */ = {isa = PBXBuildFile; fileRef = 0312FE992AC56799006632B8 /* HStackButtonBorderShapeCapsuleOutside.swift */; };
		0312FE9C2AC567D2006632B8 /* HStackButtonBorderShapeCapsuleInside.swift in Sources */ = {isa = PBXBuildFile; fileRef = 0312FE9B2AC567D2006632B8 /* HStackButtonBorderShapeCapsuleInside.swift */; };
		0312FE9E2AC567FF006632B8 /* HStackClipShapeInside.swift in Sources */ = {isa = PBXBuildFile; fileRef = 0312FE9D2AC567FF006632B8 /* HStackClipShapeInside.swift */; };
		0312FEA02AC56E6E006632B8 /* HStackButtonStyleBorderedInside.swift in Sources */ = {isa = PBXBuildFile; fileRef = 0312FE9F2AC56E6E006632B8 /* HStackButtonStyleBorderedInside.swift */; };
		0312FEA22AC56EB8006632B8 /* HSTackButtonStyleBorderedOutside.swift in Sources */ = {isa = PBXBuildFile; fileRef = 0312FEA12AC56EB8006632B8 /* HSTackButtonStyleBorderedOutside.swift */; };
		0312FEA42AC56EF0006632B8 /* HStackButtonStyleBorderedProminentOutside.swift in Sources */ = {isa = PBXBuildFile; fileRef = 0312FEA32AC56EF0006632B8 /* HStackButtonStyleBorderedProminentOutside.swift */; };
		03254C102ABD97470052664D /* TapGestureFeedbackSound.swift in Sources */ = {isa = PBXBuildFile; fileRef = 03254C0F2ABD97470052664D /* TapGestureFeedbackSound.swift */; };
		039AA5A62AC461FA00D657BF /* VStackButtonStyleBorderedOutside.swift in Sources */ = {isa = PBXBuildFile; fileRef = 039AA5A52AC461FA00D657BF /* VStackButtonStyleBorderedOutside.swift */; };
		039AA5A92AC4627800D657BF /* VStackButtonStyleBorderedInside.swift in Sources */ = {isa = PBXBuildFile; fileRef = 039AA5A82AC4627800D657BF /* VStackButtonStyleBorderedInside.swift */; };
		039AA5AC2AC467A700D657BF /* VStackCapsuleOutside.swift in Sources */ = {isa = PBXBuildFile; fileRef = 039AA5AB2AC467A700D657BF /* VStackCapsuleOutside.swift */; };
		03AFE2E02ABC43AB001443A3 /* Test_ProjectApp.swift in Sources */ = {isa = PBXBuildFile; fileRef = 03AFE2DF2ABC43AB001443A3 /* Test_ProjectApp.swift */; };
		03AFE2E22ABC43AB001443A3 /* ContentView.swift in Sources */ = {isa = PBXBuildFile; fileRef = 03AFE2E12ABC43AB001443A3 /* ContentView.swift */; };
		03AFE2E42ABC43AE001443A3 /* Assets.xcassets in Resources */ = {isa = PBXBuildFile; fileRef = 03AFE2E32ABC43AE001443A3 /* Assets.xcassets */; };
		03AFE2E72ABC43AE001443A3 /* Preview Assets.xcassets in Resources */ = {isa = PBXBuildFile; fileRef = 03AFE2E62ABC43AE001443A3 /* Preview Assets.xcassets */; };
		03AFE2EF2ABC453B001443A3 /* ButtonStyleTests.swift in Sources */ = {isa = PBXBuildFile; fileRef = 03AFE2EE2ABC453B001443A3 /* ButtonStyleTests.swift */; };
		03AFE2F22ABC45BA001443A3 /* NavigationTitleTooLong.swift in Sources */ = {isa = PBXBuildFile; fileRef = 03AFE2F12ABC45BA001443A3 /* NavigationTitleTooLong.swift */; };
		03AFE2F42ABC4765001443A3 /* NavigationTitleOk.swift in Sources */ = {isa = PBXBuildFile; fileRef = 03AFE2F32ABC4765001443A3 /* NavigationTitleOk.swift */; };
		03AFE2F62ABC47A5001443A3 /* NavigationTitleEdge.swift in Sources */ = {isa = PBXBuildFile; fileRef = 03AFE2F52ABC47A5001443A3 /* NavigationTitleEdge.swift */; };
		03AFE2FB2ABC4865001443A3 /* NavigationTitleVariable.swift in Sources */ = {isa = PBXBuildFile; fileRef = 03AFE2FA2ABC4865001443A3 /* NavigationTitleVariable.swift */; };
		03AFE2FD2ABC48EF001443A3 /* NavigationTitleState.swift in Sources */ = {isa = PBXBuildFile; fileRef = 03AFE2FC2ABC48EF001443A3 /* NavigationTitleState.swift */; };
/* End PBXBuildFile section */

/* Begin PBXFileReference section */
		0312FE972AC56734006632B8 /* HStackClipShapeOutside.swift */ = {isa = PBXFileReference; lastKnownFileType = sourcecode.swift; path = HStackClipShapeOutside.swift; sourceTree = "<group>"; };
		0312FE992AC56799006632B8 /* HStackButtonBorderShapeCapsuleOutside.swift */ = {isa = PBXFileReference; lastKnownFileType = sourcecode.swift; path = HStackButtonBorderShapeCapsuleOutside.swift; sourceTree = "<group>"; };
		0312FE9B2AC567D2006632B8 /* HStackButtonBorderShapeCapsuleInside.swift */ = {isa = PBXFileReference; fileEncoding = 4; lastKnownFileType = sourcecode.swift; path = HStackButtonBorderShapeCapsuleInside.swift; sourceTree = "<group>"; };
		0312FE9D2AC567FF006632B8 /* HStackClipShapeInside.swift */ = {isa = PBXFileReference; fileEncoding = 4; lastKnownFileType = sourcecode.swift; path = HStackClipShapeInside.swift; sourceTree = "<group>"; };
		0312FE9F2AC56E6E006632B8 /* HStackButtonStyleBorderedInside.swift */ = {isa = PBXFileReference; lastKnownFileType = sourcecode.swift; path = HStackButtonStyleBorderedInside.swift; sourceTree = "<group>"; };
		0312FEA12AC56EB8006632B8 /* HSTackButtonStyleBorderedOutside.swift */ = {isa = PBXFileReference; lastKnownFileType = sourcecode.swift; path = HSTackButtonStyleBorderedOutside.swift; sourceTree = "<group>"; };
		0312FEA32AC56EF0006632B8 /* HStackButtonStyleBorderedProminentOutside.swift */ = {isa = PBXFileReference; lastKnownFileType = sourcecode.swift; path = HStackButtonStyleBorderedProminentOutside.swift; sourceTree = "<group>"; };
		03254C0F2ABD97470052664D /* TapGestureFeedbackSound.swift */ = {isa = PBXFileReference; lastKnownFileType = sourcecode.swift; path = TapGestureFeedbackSound.swift; sourceTree = "<group>"; };
		039AA5A52AC461FA00D657BF /* VStackButtonStyleBorderedOutside.swift */ = {isa = PBXFileReference; lastKnownFileType = sourcecode.swift; path = VStackButtonStyleBorderedOutside.swift; sourceTree = "<group>"; };
		039AA5A82AC4627800D657BF /* VStackButtonStyleBorderedInside.swift */ = {isa = PBXFileReference; lastKnownFileType = sourcecode.swift; path = VStackButtonStyleBorderedInside.swift; sourceTree = "<group>"; };
		039AA5AB2AC467A700D657BF /* VStackCapsuleOutside.swift */ = {isa = PBXFileReference; lastKnownFileType = sourcecode.swift; path = VStackCapsuleOutside.swift; sourceTree = "<group>"; };
		03AFE2DC2ABC43AB001443A3 /* Test Project.app */ = {isa = PBXFileReference; explicitFileType = wrapper.application; includeInIndex = 0; path = "Test Project.app"; sourceTree = BUILT_PRODUCTS_DIR; };
		03AFE2DF2ABC43AB001443A3 /* Test_ProjectApp.swift */ = {isa = PBXFileReference; lastKnownFileType = sourcecode.swift; path = Test_ProjectApp.swift; sourceTree = "<group>"; };
		03AFE2E12ABC43AB001443A3 /* ContentView.swift */ = {isa = PBXFileReference; lastKnownFileType = sourcecode.swift; path = ContentView.swift; sourceTree = "<group>"; };
		03AFE2E32ABC43AE001443A3 /* Assets.xcassets */ = {isa = PBXFileReference; lastKnownFileType = folder.assetcatalog; path = Assets.xcassets; sourceTree = "<group>"; };
		03AFE2E62ABC43AE001443A3 /* Preview Assets.xcassets */ = {isa = PBXFileReference; lastKnownFileType = folder.assetcatalog; path = "Preview Assets.xcassets"; sourceTree = "<group>"; };
		03AFE2EE2ABC453B001443A3 /* ButtonStyleTests.swift */ = {isa = PBXFileReference; lastKnownFileType = sourcecode.swift; path = ButtonStyleTests.swift; sourceTree = "<group>"; };
		03AFE2F12ABC45BA001443A3 /* NavigationTitleTooLong.swift */ = {isa = PBXFileReference; lastKnownFileType = sourcecode.swift; path = NavigationTitleTooLong.swift; sourceTree = "<group>"; };
		03AFE2F32ABC4765001443A3 /* NavigationTitleOk.swift */ = {isa = PBXFileReference; lastKnownFileType = sourcecode.swift; path = NavigationTitleOk.swift; sourceTree = "<group>"; };
		03AFE2F52ABC47A5001443A3 /* NavigationTitleEdge.swift */ = {isa = PBXFileReference; lastKnownFileType = sourcecode.swift; path = NavigationTitleEdge.swift; sourceTree = "<group>"; };
		03AFE2FA2ABC4865001443A3 /* NavigationTitleVariable.swift */ = {isa = PBXFileReference; lastKnownFileType = sourcecode.swift; path = NavigationTitleVariable.swift; sourceTree = "<group>"; };
		03AFE2FC2ABC48EF001443A3 /* NavigationTitleState.swift */ = {isa = PBXFileReference; lastKnownFileType = sourcecode.swift; path = NavigationTitleState.swift; sourceTree = "<group>"; };
/* End PBXFileReference section */

/* Begin PBXFrameworksBuildPhase section */
		03AFE2D92ABC43AB001443A3 /* Frameworks */ = {
			isa = PBXFrameworksBuildPhase;
			buildActionMask = 2147483647;
			files = (
			);
			runOnlyForDeploymentPostprocessing = 0;
		};
/* End PBXFrameworksBuildPhase section */

/* Begin PBXGroup section */
		0312FE942AC56711006632B8 /* HStack */ = {
			isa = PBXGroup;
			children = (
				0312FE962AC5671A006632B8 /* NonTriggering */,
				0312FE952AC56716006632B8 /* Triggering */,
			);
			path = HStack;
			sourceTree = "<group>";
		};
		0312FE952AC56716006632B8 /* Triggering */ = {
			isa = PBXGroup;
			children = (
				0312FE9F2AC56E6E006632B8 /* HStackButtonStyleBorderedInside.swift */,
				0312FEA12AC56EB8006632B8 /* HSTackButtonStyleBorderedOutside.swift */,
				0312FEA32AC56EF0006632B8 /* HStackButtonStyleBorderedProminentOutside.swift */,
			);
			path = Triggering;
			sourceTree = "<group>";
		};
		0312FE962AC5671A006632B8 /* NonTriggering */ = {
			isa = PBXGroup;
			children = (
				0312FE992AC56799006632B8 /* HStackButtonBorderShapeCapsuleOutside.swift */,
				0312FE9B2AC567D2006632B8 /* HStackButtonBorderShapeCapsuleInside.swift */,
				0312FE972AC56734006632B8 /* HStackClipShapeOutside.swift */,
				0312FE9D2AC567FF006632B8 /* HStackClipShapeInside.swift */,
			);
			path = NonTriggering;
			sourceTree = "<group>";
		};
		03254C0E2ABD972E0052664D /* FeedbackSound */ = {
			isa = PBXGroup;
			children = (
				03254C0F2ABD97470052664D /* TapGestureFeedbackSound.swift */,
			);
			path = FeedbackSound;
			sourceTree = "<group>";
		};
		039AA5972AC454C500D657BF /* Shape */ = {
			isa = PBXGroup;
			children = (
				0312FE942AC56711006632B8 /* HStack */,
				039AA5A42AC45B4500D657BF /* VStack */,
			);
			path = Shape;
			sourceTree = "<group>";
		};
		039AA5A42AC45B4500D657BF /* VStack */ = {
			isa = PBXGroup;
			children = (
				039AA5A72AC4626200D657BF /* NonTriggering */,
				039AA5AA2AC4678400D657BF /* Triggering */,
			);
			path = VStack;
			sourceTree = "<group>";
		};
		039AA5A72AC4626200D657BF /* NonTriggering */ = {
			isa = PBXGroup;
			children = (
				039AA5A82AC4627800D657BF /* VStackButtonStyleBorderedInside.swift */,
				039AA5A52AC461FA00D657BF /* VStackButtonStyleBorderedOutside.swift */,
			);
			path = NonTriggering;
			sourceTree = "<group>";
		};
		039AA5AA2AC4678400D657BF /* Triggering */ = {
			isa = PBXGroup;
			children = (
				039AA5AB2AC467A700D657BF /* VStackCapsuleOutside.swift */,
			);
			path = Triggering;
			sourceTree = "<group>";
		};
		03AFE2D32ABC43AB001443A3 = {
			isa = PBXGroup;
			children = (
				03AFE2DE2ABC43AB001443A3 /* Test Project */,
				03AFE2DD2ABC43AB001443A3 /* Products */,
			);
			sourceTree = "<group>";
		};
		03AFE2DD2ABC43AB001443A3 /* Products */ = {
			isa = PBXGroup;
			children = (
				03AFE2DC2ABC43AB001443A3 /* Test Project.app */,
			);
			name = Products;
			sourceTree = "<group>";
		};
		03AFE2DE2ABC43AB001443A3 /* Test Project */ = {
			isa = PBXGroup;
			children = (
				03AFE2DF2ABC43AB001443A3 /* Test_ProjectApp.swift */,
				03AFE2E12ABC43AB001443A3 /* ContentView.swift */,
				03AFE2ED2ABC452A001443A3 /* Buttons */,
				03AFE2F02ABC459C001443A3 /* NavigationBars */,
				03AFE2E32ABC43AE001443A3 /* Assets.xcassets */,
				03AFE2E52ABC43AE001443A3 /* Preview Content */,
			);
			path = "Test Project";
			sourceTree = "<group>";
		};
		03AFE2E52ABC43AE001443A3 /* Preview Content */ = {
			isa = PBXGroup;
			children = (
				03AFE2E62ABC43AE001443A3 /* Preview Assets.xcassets */,
			);
			path = "Preview Content";
			sourceTree = "<group>";
		};
		03AFE2ED2ABC452A001443A3 /* Buttons */ = {
			isa = PBXGroup;
			children = (
				039AA5972AC454C500D657BF /* Shape */,
				03254C0E2ABD972E0052664D /* FeedbackSound */,
				03AFE2EE2ABC453B001443A3 /* ButtonStyleTests.swift */,
			);
			path = Buttons;
			sourceTree = "<group>";
		};
		03AFE2F02ABC459C001443A3 /* NavigationBars */ = {
			isa = PBXGroup;
			children = (
				03AFE2F72ABC47D8001443A3 /* NavigationBarTitle */,
			);
			path = NavigationBars;
			sourceTree = "<group>";
		};
		03AFE2F72ABC47D8001443A3 /* NavigationBarTitle */ = {
			isa = PBXGroup;
			children = (
				03AFE2F52ABC47A5001443A3 /* NavigationTitleEdge.swift */,
				03AFE2F32ABC4765001443A3 /* NavigationTitleOk.swift */,
				03AFE2F12ABC45BA001443A3 /* NavigationTitleTooLong.swift */,
				03AFE2FA2ABC4865001443A3 /* NavigationTitleVariable.swift */,
				03AFE2FC2ABC48EF001443A3 /* NavigationTitleState.swift */,
			);
			path = NavigationBarTitle;
			sourceTree = "<group>";
		};
/* End PBXGroup section */

/* Begin PBXNativeTarget section */
		03AFE2DB2ABC43AB001443A3 /* Test Project */ = {
			isa = PBXNativeTarget;
			buildConfigurationList = 03AFE2EA2ABC43AE001443A3 /* Build configuration list for PBXNativeTarget "Test Project" */;
			buildPhases = (
				03AFE2D82ABC43AB001443A3 /* Sources */,
				03AFE2D92ABC43AB001443A3 /* Frameworks */,
				03AFE2DA2ABC43AB001443A3 /* Resources */,
				03CF3D902ABC713C0074CFC6 /* SwiftLint */,
			);
			buildRules = (
			);
			dependencies = (
			);
			name = "Test Project";
			productName = "Test Project";
			productReference = 03AFE2DC2ABC43AB001443A3 /* Test Project.app */;
			productType = "com.apple.product-type.application";
		};
/* End PBXNativeTarget section */

/* Begin PBXProject section */
		03AFE2D42ABC43AB001443A3 /* Project object */ = {
			isa = PBXProject;
			attributes = {
				BuildIndependentTargetsInParallel = 1;
				LastSwiftUpdateCheck = 1430;
				LastUpgradeCheck = 1430;
				TargetAttributes = {
					03AFE2DB2ABC43AB001443A3 = {
						CreatedOnToolsVersion = 14.3.1;
					};
				};
			};
			buildConfigurationList = 03AFE2D72ABC43AB001443A3 /* Build configuration list for PBXProject "Test Project" */;
			compatibilityVersion = "Xcode 14.0";
			developmentRegion = en;
			hasScannedForEncodings = 0;
			knownRegions = (
				en,
				Base,
			);
			mainGroup = 03AFE2D32ABC43AB001443A3;
			productRefGroup = 03AFE2DD2ABC43AB001443A3 /* Products */;
			projectDirPath = "";
			projectRoot = "";
			targets = (
				03AFE2DB2ABC43AB001443A3 /* Test Project */,
			);
		};
/* End PBXProject section */

/* Begin PBXResourcesBuildPhase section */
		03AFE2DA2ABC43AB001443A3 /* Resources */ = {
			isa = PBXResourcesBuildPhase;
			buildActionMask = 2147483647;
			files = (
				03AFE2E72ABC43AE001443A3 /* Preview Assets.xcassets in Resources */,
				03AFE2E42ABC43AE001443A3 /* Assets.xcassets in Resources */,
			);
			runOnlyForDeploymentPostprocessing = 0;
		};
/* End PBXResourcesBuildPhase section */

/* Begin PBXShellScriptBuildPhase section */
		03CF3D902ABC713C0074CFC6 /* SwiftLint */ = {
			isa = PBXShellScriptBuildPhase;
			alwaysOutOfDate = 1;
			buildActionMask = 2147483647;
			files = (
			);
			inputFileListPaths = (
			);
			inputPaths = (
			);
			name = SwiftLint;
			outputFileListPaths = (
			);
			outputPaths = (
			);
			runOnlyForDeploymentPostprocessing = 0;
			shellPath = /bin/sh;
			shellScript = "# Run SwiftLint\nsh ../scripts/swiftlint.sh\n";
		};
/* End PBXShellScriptBuildPhase section */

/* Begin PBXSourcesBuildPhase section */
		03AFE2D82ABC43AB001443A3 /* Sources */ = {
			isa = PBXSourcesBuildPhase;
			buildActionMask = 2147483647;
			files = (
				03254C102ABD97470052664D /* TapGestureFeedbackSound.swift in Sources */,
				0312FE982AC56734006632B8 /* HStackClipShapeOutside.swift in Sources */,
				03AFE2FB2ABC4865001443A3 /* NavigationTitleVariable.swift in Sources */,
				03AFE2E22ABC43AB001443A3 /* ContentView.swift in Sources */,
				03AFE2EF2ABC453B001443A3 /* ButtonStyleTests.swift in Sources */,
				0312FE9E2AC567FF006632B8 /* HStackClipShapeInside.swift in Sources */,
				0312FEA22AC56EB8006632B8 /* HSTackButtonStyleBorderedOutside.swift in Sources */,
				03AFE2E02ABC43AB001443A3 /* Test_ProjectApp.swift in Sources */,
				039AA5AC2AC467A700D657BF /* VStackCapsuleOutside.swift in Sources */,
				039AA5A92AC4627800D657BF /* VStackButtonStyleBorderedInside.swift in Sources */,
				0312FE9C2AC567D2006632B8 /* HStackButtonBorderShapeCapsuleInside.swift in Sources */,
				03AFE2FD2ABC48EF001443A3 /* NavigationTitleState.swift in Sources */,
				0312FEA02AC56E6E006632B8 /* HStackButtonStyleBorderedInside.swift in Sources */,
				0312FE9A2AC56799006632B8 /* HStackButtonBorderShapeCapsuleOutside.swift in Sources */,
				03AFE2F22ABC45BA001443A3 /* NavigationTitleTooLong.swift in Sources */,
				03AFE2F42ABC4765001443A3 /* NavigationTitleOk.swift in Sources */,
				039AA5A62AC461FA00D657BF /* VStackButtonStyleBorderedOutside.swift in Sources */,
				03AFE2F62ABC47A5001443A3 /* NavigationTitleEdge.swift in Sources */,
				0312FEA42AC56EF0006632B8 /* HStackButtonStyleBorderedProminentOutside.swift in Sources */,
			);
			runOnlyForDeploymentPostprocessing = 0;
		};
/* End PBXSourcesBuildPhase section */

/* Begin XCBuildConfiguration section */
		03AFE2E82ABC43AE001443A3 /* Debug */ = {
			isa = XCBuildConfiguration;
			buildSettings = {
				ALWAYS_SEARCH_USER_PATHS = NO;
				CLANG_ANALYZER_NONNULL = YES;
				CLANG_ANALYZER_NUMBER_OBJECT_CONVERSION = YES_AGGRESSIVE;
				CLANG_CXX_LANGUAGE_STANDARD = "gnu++20";
				CLANG_ENABLE_MODULES = YES;
				CLANG_ENABLE_OBJC_ARC = YES;
				CLANG_ENABLE_OBJC_WEAK = YES;
				CLANG_WARN_BLOCK_CAPTURE_AUTORELEASING = YES;
				CLANG_WARN_BOOL_CONVERSION = YES;
				CLANG_WARN_COMMA = YES;
				CLANG_WARN_CONSTANT_CONVERSION = YES;
				CLANG_WARN_DEPRECATED_OBJC_IMPLEMENTATIONS = YES;
				CLANG_WARN_DIRECT_OBJC_ISA_USAGE = YES_ERROR;
				CLANG_WARN_DOCUMENTATION_COMMENTS = YES;
				CLANG_WARN_EMPTY_BODY = YES;
				CLANG_WARN_ENUM_CONVERSION = YES;
				CLANG_WARN_INFINITE_RECURSION = YES;
				CLANG_WARN_INT_CONVERSION = YES;
				CLANG_WARN_NON_LITERAL_NULL_CONVERSION = YES;
				CLANG_WARN_OBJC_IMPLICIT_RETAIN_SELF = YES;
				CLANG_WARN_OBJC_LITERAL_CONVERSION = YES;
				CLANG_WARN_OBJC_ROOT_CLASS = YES_ERROR;
				CLANG_WARN_QUOTED_INCLUDE_IN_FRAMEWORK_HEADER = YES;
				CLANG_WARN_RANGE_LOOP_ANALYSIS = YES;
				CLANG_WARN_STRICT_PROTOTYPES = YES;
				CLANG_WARN_SUSPICIOUS_MOVE = YES;
				CLANG_WARN_UNGUARDED_AVAILABILITY = YES_AGGRESSIVE;
				CLANG_WARN_UNREACHABLE_CODE = YES;
				CLANG_WARN__DUPLICATE_METHOD_MATCH = YES;
				COPY_PHASE_STRIP = NO;
				DEBUG_INFORMATION_FORMAT = dwarf;
				ENABLE_STRICT_OBJC_MSGSEND = YES;
				ENABLE_TESTABILITY = YES;
				GCC_C_LANGUAGE_STANDARD = gnu11;
				GCC_DYNAMIC_NO_PIC = NO;
				GCC_NO_COMMON_BLOCKS = YES;
				GCC_OPTIMIZATION_LEVEL = 0;
				GCC_PREPROCESSOR_DEFINITIONS = (
					"DEBUG=1",
					"$(inherited)",
				);
				GCC_WARN_64_TO_32_BIT_CONVERSION = YES;
				GCC_WARN_ABOUT_RETURN_TYPE = YES_ERROR;
				GCC_WARN_UNDECLARED_SELECTOR = YES;
				GCC_WARN_UNINITIALIZED_AUTOS = YES_AGGRESSIVE;
				GCC_WARN_UNUSED_FUNCTION = YES;
				GCC_WARN_UNUSED_VARIABLE = YES;
				IPHONEOS_DEPLOYMENT_TARGET = 16.4;
				MTL_ENABLE_DEBUG_INFO = INCLUDE_SOURCE;
				MTL_FAST_MATH = YES;
				ONLY_ACTIVE_ARCH = YES;
				SDKROOT = iphoneos;
				SWIFT_ACTIVE_COMPILATION_CONDITIONS = DEBUG;
				SWIFT_OPTIMIZATION_LEVEL = "-Onone";
			};
			name = Debug;
		};
		03AFE2E92ABC43AE001443A3 /* Release */ = {
			isa = XCBuildConfiguration;
			buildSettings = {
				ALWAYS_SEARCH_USER_PATHS = NO;
				CLANG_ANALYZER_NONNULL = YES;
				CLANG_ANALYZER_NUMBER_OBJECT_CONVERSION = YES_AGGRESSIVE;
				CLANG_CXX_LANGUAGE_STANDARD = "gnu++20";
				CLANG_ENABLE_MODULES = YES;
				CLANG_ENABLE_OBJC_ARC = YES;
				CLANG_ENABLE_OBJC_WEAK = YES;
				CLANG_WARN_BLOCK_CAPTURE_AUTORELEASING = YES;
				CLANG_WARN_BOOL_CONVERSION = YES;
				CLANG_WARN_COMMA = YES;
				CLANG_WARN_CONSTANT_CONVERSION = YES;
				CLANG_WARN_DEPRECATED_OBJC_IMPLEMENTATIONS = YES;
				CLANG_WARN_DIRECT_OBJC_ISA_USAGE = YES_ERROR;
				CLANG_WARN_DOCUMENTATION_COMMENTS = YES;
				CLANG_WARN_EMPTY_BODY = YES;
				CLANG_WARN_ENUM_CONVERSION = YES;
				CLANG_WARN_INFINITE_RECURSION = YES;
				CLANG_WARN_INT_CONVERSION = YES;
				CLANG_WARN_NON_LITERAL_NULL_CONVERSION = YES;
				CLANG_WARN_OBJC_IMPLICIT_RETAIN_SELF = YES;
				CLANG_WARN_OBJC_LITERAL_CONVERSION = YES;
				CLANG_WARN_OBJC_ROOT_CLASS = YES_ERROR;
				CLANG_WARN_QUOTED_INCLUDE_IN_FRAMEWORK_HEADER = YES;
				CLANG_WARN_RANGE_LOOP_ANALYSIS = YES;
				CLANG_WARN_STRICT_PROTOTYPES = YES;
				CLANG_WARN_SUSPICIOUS_MOVE = YES;
				CLANG_WARN_UNGUARDED_AVAILABILITY = YES_AGGRESSIVE;
				CLANG_WARN_UNREACHABLE_CODE = YES;
				CLANG_WARN__DUPLICATE_METHOD_MATCH = YES;
				COPY_PHASE_STRIP = NO;
				DEBUG_INFORMATION_FORMAT = "dwarf-with-dsym";
				ENABLE_NS_ASSERTIONS = NO;
				ENABLE_STRICT_OBJC_MSGSEND = YES;
				GCC_C_LANGUAGE_STANDARD = gnu11;
				GCC_NO_COMMON_BLOCKS = YES;
				GCC_WARN_64_TO_32_BIT_CONVERSION = YES;
				GCC_WARN_ABOUT_RETURN_TYPE = YES_ERROR;
				GCC_WARN_UNDECLARED_SELECTOR = YES;
				GCC_WARN_UNINITIALIZED_AUTOS = YES_AGGRESSIVE;
				GCC_WARN_UNUSED_FUNCTION = YES;
				GCC_WARN_UNUSED_VARIABLE = YES;
				IPHONEOS_DEPLOYMENT_TARGET = 16.4;
				MTL_ENABLE_DEBUG_INFO = NO;
				MTL_FAST_MATH = YES;
				SDKROOT = iphoneos;
				SWIFT_COMPILATION_MODE = wholemodule;
				SWIFT_OPTIMIZATION_LEVEL = "-O";
				VALIDATE_PRODUCT = YES;
			};
			name = Release;
		};
		03AFE2EB2ABC43AE001443A3 /* Debug */ = {
			isa = XCBuildConfiguration;
			buildSettings = {
				ASSETCATALOG_COMPILER_APPICON_NAME = AppIcon;
				ASSETCATALOG_COMPILER_GLOBAL_ACCENT_COLOR_NAME = AccentColor;
				CODE_SIGN_STYLE = Automatic;
				CURRENT_PROJECT_VERSION = 1;
				DEVELOPMENT_ASSET_PATHS = "\"Test Project/Preview Content\"";
				DEVELOPMENT_TEAM = 668Q5649C4;
				ENABLE_PREVIEWS = YES;
				GENERATE_INFOPLIST_FILE = YES;
				INFOPLIST_KEY_UIApplicationSceneManifest_Generation = YES;
				INFOPLIST_KEY_UIApplicationSupportsIndirectInputEvents = YES;
				INFOPLIST_KEY_UILaunchScreen_Generation = YES;
				INFOPLIST_KEY_UISupportedInterfaceOrientations_iPad = "UIInterfaceOrientationPortrait UIInterfaceOrientationPortraitUpsideDown UIInterfaceOrientationLandscapeLeft UIInterfaceOrientationLandscapeRight";
				INFOPLIST_KEY_UISupportedInterfaceOrientations_iPhone = "UIInterfaceOrientationPortrait UIInterfaceOrientationLandscapeLeft UIInterfaceOrientationLandscapeRight";
				LD_RUNPATH_SEARCH_PATHS = (
					"$(inherited)",
					"@executable_path/Frameworks",
				);
				MARKETING_VERSION = 1.0;
				PRODUCT_BUNDLE_IDENTIFIER = "de.nicosrm.Test-Project";
				PRODUCT_NAME = "$(TARGET_NAME)";
				SWIFT_EMIT_LOC_STRINGS = YES;
				SWIFT_VERSION = 5.0;
				TARGETED_DEVICE_FAMILY = "1,2";
			};
			name = Debug;
		};
		03AFE2EC2ABC43AE001443A3 /* Release */ = {
			isa = XCBuildConfiguration;
			buildSettings = {
				ASSETCATALOG_COMPILER_APPICON_NAME = AppIcon;
				ASSETCATALOG_COMPILER_GLOBAL_ACCENT_COLOR_NAME = AccentColor;
				CODE_SIGN_STYLE = Automatic;
				CURRENT_PROJECT_VERSION = 1;
				DEVELOPMENT_ASSET_PATHS = "\"Test Project/Preview Content\"";
				DEVELOPMENT_TEAM = 668Q5649C4;
				ENABLE_PREVIEWS = YES;
				GENERATE_INFOPLIST_FILE = YES;
				INFOPLIST_KEY_UIApplicationSceneManifest_Generation = YES;
				INFOPLIST_KEY_UIApplicationSupportsIndirectInputEvents = YES;
				INFOPLIST_KEY_UILaunchScreen_Generation = YES;
				INFOPLIST_KEY_UISupportedInterfaceOrientations_iPad = "UIInterfaceOrientationPortrait UIInterfaceOrientationPortraitUpsideDown UIInterfaceOrientationLandscapeLeft UIInterfaceOrientationLandscapeRight";
				INFOPLIST_KEY_UISupportedInterfaceOrientations_iPhone = "UIInterfaceOrientationPortrait UIInterfaceOrientationLandscapeLeft UIInterfaceOrientationLandscapeRight";
				LD_RUNPATH_SEARCH_PATHS = (
					"$(inherited)",
					"@executable_path/Frameworks",
				);
				MARKETING_VERSION = 1.0;
				PRODUCT_BUNDLE_IDENTIFIER = "de.nicosrm.Test-Project";
				PRODUCT_NAME = "$(TARGET_NAME)";
				SWIFT_EMIT_LOC_STRINGS = YES;
				SWIFT_VERSION = 5.0;
				TARGETED_DEVICE_FAMILY = "1,2";
			};
			name = Release;
		};
/* End XCBuildConfiguration section */

/* Begin XCConfigurationList section */
		03AFE2D72ABC43AB001443A3 /* Build configuration list for PBXProject "Test Project" */ = {
			isa = XCConfigurationList;
			buildConfigurations = (
				03AFE2E82ABC43AE001443A3 /* Debug */,
				03AFE2E92ABC43AE001443A3 /* Release */,
			);
			defaultConfigurationIsVisible = 0;
			defaultConfigurationName = Release;
		};
		03AFE2EA2ABC43AE001443A3 /* Build configuration list for PBXNativeTarget "Test Project" */ = {
			isa = XCConfigurationList;
			buildConfigurations = (
				03AFE2EB2ABC43AE001443A3 /* Debug */,
				03AFE2EC2ABC43AE001443A3 /* Release */,
			);
			defaultConfigurationIsVisible = 0;
			defaultConfigurationName = Release;
		};
/* End XCConfigurationList section */
	};
	rootObject = 03AFE2D42ABC43AB001443A3 /* Project object */;
}
