// !$*UTF8*$!
{
	archiveVersion = 1;
	classes = {
	};
	objectVersion = 56;
	objects = {

/* Begin PBXBuildFile section */
		B637EE8B2ADC32740010BCC0 /* RealityKitContent in Frameworks */ = {isa = PBXBuildFile; productRef = B637EE8A2ADC32740010BCC0 /* RealityKitContent */; };
		B637EE8D2ADC32740010BCC0 /* TestProjectApp.swift in Sources */ = {isa = PBXBuildFile; fileRef = B637EE8C2ADC32740010BCC0 /* TestProjectApp.swift */; };
		B637EE8F2ADC32740010BCC0 /* ContentView.swift in Sources */ = {isa = PBXBuildFile; fileRef = B637EE8E2ADC32740010BCC0 /* ContentView.swift */; };
		B637EE912ADC32750010BCC0 /* Assets.xcassets in Resources */ = {isa = PBXBuildFile; fileRef = B637EE902ADC32750010BCC0 /* Assets.xcassets */; };
		B637EE942ADC32750010BCC0 /* Preview Assets.xcassets in Resources */ = {isa = PBXBuildFile; fileRef = B637EE932ADC32750010BCC0 /* Preview Assets.xcassets */; };
		B637EEA22ADC368B0010BCC0 /* Button_FeedbackSound_AudioServicesPlaySystemSound.swift in Sources */ = {isa = PBXBuildFile; fileRef = B637EEA12ADC368B0010BCC0 /* Button_FeedbackSound_AudioServicesPlaySystemSound.swift */; };
		B637EEA82ADC37860010BCC0 /* Button_FeedbackSound_AVAudioPlayer.swift in Sources */ = {isa = PBXBuildFile; fileRef = B637EEA72ADC37860010BCC0 /* Button_FeedbackSound_AVAudioPlayer.swift */; };
		B637EEAC2ADC39630010BCC0 /* Button_FeedbackSound_Triggering.swift in Sources */ = {isa = PBXBuildFile; fileRef = B637EEAB2ADC39630010BCC0 /* Button_FeedbackSound_Triggering.swift */; };
		B637EEAF2ADC3BAC0010BCC0 /* Button_FeedbackSound_SystemButton.swift in Sources */ = {isa = PBXBuildFile; fileRef = B637EEAE2ADC3BAC0010BCC0 /* Button_FeedbackSound_SystemButton.swift */; };
/* End PBXBuildFile section */

/* Begin PBXFileReference section */
		B637EE852ADC32740010BCC0 /* TestProject.app */ = {isa = PBXFileReference; explicitFileType = wrapper.application; includeInIndex = 0; path = TestProject.app; sourceTree = BUILT_PRODUCTS_DIR; };
		B637EE892ADC32740010BCC0 /* RealityKitContent */ = {isa = PBXFileReference; lastKnownFileType = wrapper; path = RealityKitContent; sourceTree = "<group>"; };
		B637EE8C2ADC32740010BCC0 /* TestProjectApp.swift */ = {isa = PBXFileReference; lastKnownFileType = sourcecode.swift; path = TestProjectApp.swift; sourceTree = "<group>"; };
		B637EE8E2ADC32740010BCC0 /* ContentView.swift */ = {isa = PBXFileReference; lastKnownFileType = sourcecode.swift; path = ContentView.swift; sourceTree = "<group>"; };
		B637EE902ADC32750010BCC0 /* Assets.xcassets */ = {isa = PBXFileReference; lastKnownFileType = folder.assetcatalog; path = Assets.xcassets; sourceTree = "<group>"; };
		B637EE932ADC32750010BCC0 /* Preview Assets.xcassets */ = {isa = PBXFileReference; lastKnownFileType = folder.assetcatalog; path = "Preview Assets.xcassets"; sourceTree = "<group>"; };
		B637EE952ADC32750010BCC0 /* Info.plist */ = {isa = PBXFileReference; lastKnownFileType = text.plist.xml; path = Info.plist; sourceTree = "<group>"; };
		B637EEA12ADC368B0010BCC0 /* Button_FeedbackSound_AudioServicesPlaySystemSound.swift */ = {isa = PBXFileReference; lastKnownFileType = sourcecode.swift; path = Button_FeedbackSound_AudioServicesPlaySystemSound.swift; sourceTree = "<group>"; };
		B637EEA72ADC37860010BCC0 /* Button_FeedbackSound_AVAudioPlayer.swift */ = {isa = PBXFileReference; lastKnownFileType = sourcecode.swift; path = Button_FeedbackSound_AVAudioPlayer.swift; sourceTree = "<group>"; };
		B637EEAB2ADC39630010BCC0 /* Button_FeedbackSound_Triggering.swift */ = {isa = PBXFileReference; lastKnownFileType = sourcecode.swift; path = Button_FeedbackSound_Triggering.swift; sourceTree = "<group>"; };
		B637EEAE2ADC3BAC0010BCC0 /* Button_FeedbackSound_SystemButton.swift */ = {isa = PBXFileReference; lastKnownFileType = sourcecode.swift; path = Button_FeedbackSound_SystemButton.swift; sourceTree = "<group>"; };
/* End PBXFileReference section */

/* Begin PBXFrameworksBuildPhase section */
		B637EE822ADC32740010BCC0 /* Frameworks */ = {
			isa = PBXFrameworksBuildPhase;
			buildActionMask = 2147483647;
			files = (
				B637EE8B2ADC32740010BCC0 /* RealityKitContent in Frameworks */,
			);
			runOnlyForDeploymentPostprocessing = 0;
		};
/* End PBXFrameworksBuildPhase section */

/* Begin PBXGroup section */
		B637EE7C2ADC32740010BCC0 = {
			isa = PBXGroup;
			children = (
				B637EE872ADC32740010BCC0 /* TestProject */,
				B637EE882ADC32740010BCC0 /* Packages */,
				B637EE862ADC32740010BCC0 /* Products */,
			);
			sourceTree = "<group>";
		};
		B637EE862ADC32740010BCC0 /* Products */ = {
			isa = PBXGroup;
			children = (
				B637EE852ADC32740010BCC0 /* TestProject.app */,
			);
			name = Products;
			sourceTree = "<group>";
		};
		B637EE872ADC32740010BCC0 /* TestProject */ = {
			isa = PBXGroup;
			children = (
				B637EE8C2ADC32740010BCC0 /* TestProjectApp.swift */,
				B637EE8E2ADC32740010BCC0 /* ContentView.swift */,
				B637EE902ADC32750010BCC0 /* Assets.xcassets */,
				B637EE952ADC32750010BCC0 /* Info.plist */,
				B637EE9D2ADC363F0010BCC0 /* Button */,
				B637EE922ADC32750010BCC0 /* Preview Content */,
			);
			path = TestProject;
			sourceTree = "<group>";
		};
		B637EE882ADC32740010BCC0 /* Packages */ = {
			isa = PBXGroup;
			children = (
				B637EE892ADC32740010BCC0 /* RealityKitContent */,
			);
			path = Packages;
			sourceTree = "<group>";
		};
		B637EE922ADC32750010BCC0 /* Preview Content */ = {
			isa = PBXGroup;
			children = (
				B637EE932ADC32750010BCC0 /* Preview Assets.xcassets */,
			);
			path = "Preview Content";
			sourceTree = "<group>";
		};
		B637EE9D2ADC363F0010BCC0 /* Button */ = {
			isa = PBXGroup;
			children = (
				B637EE9E2ADC364A0010BCC0 /* FeedbackSound */,
			);
			path = Button;
			sourceTree = "<group>";
		};
		B637EE9E2ADC364A0010BCC0 /* FeedbackSound */ = {
			isa = PBXGroup;
			children = (
				B637EEA02ADC36660010BCC0 /* NonTriggering */,
				B637EEAA2ADC394C0010BCC0 /* Triggering */,
			);
			path = FeedbackSound;
			sourceTree = "<group>";
		};
		B637EEA02ADC36660010BCC0 /* NonTriggering */ = {
			isa = PBXGroup;
			children = (
				B637EEA12ADC368B0010BCC0 /* Button_FeedbackSound_AudioServicesPlaySystemSound.swift */,
				B637EEA72ADC37860010BCC0 /* Button_FeedbackSound_AVAudioPlayer.swift */,
				B637EEAE2ADC3BAC0010BCC0 /* Button_FeedbackSound_SystemButton.swift */,
			);
			path = NonTriggering;
			sourceTree = "<group>";
		};
		B637EEAA2ADC394C0010BCC0 /* Triggering */ = {
			isa = PBXGroup;
			children = (
				B637EEAB2ADC39630010BCC0 /* Button_FeedbackSound_Triggering.swift */,
			);
			path = Triggering;
			sourceTree = "<group>";
		};
/* End PBXGroup section */

/* Begin PBXNativeTarget section */
		B637EE842ADC32740010BCC0 /* TestProject */ = {
			isa = PBXNativeTarget;
			buildConfigurationList = B637EE982ADC32750010BCC0 /* Build configuration list for PBXNativeTarget "TestProject" */;
			buildPhases = (
				B637EE812ADC32740010BCC0 /* Sources */,
				B637EE822ADC32740010BCC0 /* Frameworks */,
				B637EE832ADC32740010BCC0 /* Resources */,
				B637EEAD2ADC39E70010BCC0 /* SwiftLint */,
			);
			buildRules = (
			);
			dependencies = (
			);
			name = TestProject;
			packageProductDependencies = (
				B637EE8A2ADC32740010BCC0 /* RealityKitContent */,
			);
			productName = TestProject;
			productReference = B637EE852ADC32740010BCC0 /* TestProject.app */;
			productType = "com.apple.product-type.application";
		};
/* End PBXNativeTarget section */

/* Begin PBXProject section */
		B637EE7D2ADC32740010BCC0 /* Project object */ = {
			isa = PBXProject;
			attributes = {
				BuildIndependentTargetsInParallel = 1;
				LastSwiftUpdateCheck = 1510;
				LastUpgradeCheck = 1510;
				TargetAttributes = {
					B637EE842ADC32740010BCC0 = {
						CreatedOnToolsVersion = 15.1;
					};
				};
			};
			buildConfigurationList = B637EE802ADC32740010BCC0 /* Build configuration list for PBXProject "TestProject" */;
			compatibilityVersion = "Xcode 14.0";
			developmentRegion = en;
			hasScannedForEncodings = 0;
			knownRegions = (
				en,
				Base,
			);
			mainGroup = B637EE7C2ADC32740010BCC0;
			productRefGroup = B637EE862ADC32740010BCC0 /* Products */;
			projectDirPath = "";
			projectRoot = "";
			targets = (
				B637EE842ADC32740010BCC0 /* TestProject */,
			);
		};
/* End PBXProject section */

/* Begin PBXResourcesBuildPhase section */
		B637EE832ADC32740010BCC0 /* Resources */ = {
			isa = PBXResourcesBuildPhase;
			buildActionMask = 2147483647;
			files = (
				B637EE942ADC32750010BCC0 /* Preview Assets.xcassets in Resources */,
				B637EE912ADC32750010BCC0 /* Assets.xcassets in Resources */,
			);
			runOnlyForDeploymentPostprocessing = 0;
		};
/* End PBXResourcesBuildPhase section */

/* Begin PBXShellScriptBuildPhase section */
		B637EEAD2ADC39E70010BCC0 /* SwiftLint */ = {
			isa = PBXShellScriptBuildPhase;
			alwaysOutOfDate = 1;
			buildActionMask = 2147483647;
			files = (
			);
			inputFileListPaths = (
			);
			inputPaths = (
			);
			name = SwiftLint;
			outputFileListPaths = (
			);
			outputPaths = (
			);
			runOnlyForDeploymentPostprocessing = 0;
			shellPath = /bin/sh;
			shellScript = "# Run SwiftLint\nsh ../scripts/swiftlint.sh\n";
		};
/* End PBXShellScriptBuildPhase section */

/* Begin PBXSourcesBuildPhase section */
		B637EE812ADC32740010BCC0 /* Sources */ = {
			isa = PBXSourcesBuildPhase;
			buildActionMask = 2147483647;
			files = (
				B637EEA22ADC368B0010BCC0 /* Button_FeedbackSound_AudioServicesPlaySystemSound.swift in Sources */,
				B637EEAF2ADC3BAC0010BCC0 /* Button_FeedbackSound_SystemButton.swift in Sources */,
				B637EEA82ADC37860010BCC0 /* Button_FeedbackSound_AVAudioPlayer.swift in Sources */,
				B637EE8F2ADC32740010BCC0 /* ContentView.swift in Sources */,
				B637EEAC2ADC39630010BCC0 /* Button_FeedbackSound_Triggering.swift in Sources */,
				B637EE8D2ADC32740010BCC0 /* TestProjectApp.swift in Sources */,
			);
			runOnlyForDeploymentPostprocessing = 0;
		};
/* End PBXSourcesBuildPhase section */

/* Begin XCBuildConfiguration section */
		B637EE962ADC32750010BCC0 /* Debug */ = {
			isa = XCBuildConfiguration;
			buildSettings = {
				ALWAYS_SEARCH_USER_PATHS = NO;
				ASSETCATALOG_COMPILER_GENERATE_SWIFT_ASSET_SYMBOL_EXTENSIONS = YES;
				CLANG_ANALYZER_NONNULL = YES;
				CLANG_ANALYZER_NUMBER_OBJECT_CONVERSION = YES_AGGRESSIVE;
				CLANG_CXX_LANGUAGE_STANDARD = "gnu++20";
				CLANG_ENABLE_MODULES = YES;
				CLANG_ENABLE_OBJC_ARC = YES;
				CLANG_ENABLE_OBJC_WEAK = YES;
				CLANG_WARN_BLOCK_CAPTURE_AUTORELEASING = YES;
				CLANG_WARN_BOOL_CONVERSION = YES;
				CLANG_WARN_COMMA = YES;
				CLANG_WARN_CONSTANT_CONVERSION = YES;
				CLANG_WARN_DEPRECATED_OBJC_IMPLEMENTATIONS = YES;
				CLANG_WARN_DIRECT_OBJC_ISA_USAGE = YES_ERROR;
				CLANG_WARN_DOCUMENTATION_COMMENTS = YES;
				CLANG_WARN_EMPTY_BODY = YES;
				CLANG_WARN_ENUM_CONVERSION = YES;
				CLANG_WARN_INFINITE_RECURSION = YES;
				CLANG_WARN_INT_CONVERSION = YES;
				CLANG_WARN_NON_LITERAL_NULL_CONVERSION = YES;
				CLANG_WARN_OBJC_IMPLICIT_RETAIN_SELF = YES;
				CLANG_WARN_OBJC_LITERAL_CONVERSION = YES;
				CLANG_WARN_OBJC_ROOT_CLASS = YES_ERROR;
				CLANG_WARN_QUOTED_INCLUDE_IN_FRAMEWORK_HEADER = YES;
				CLANG_WARN_RANGE_LOOP_ANALYSIS = YES;
				CLANG_WARN_STRICT_PROTOTYPES = YES;
				CLANG_WARN_SUSPICIOUS_MOVE = YES;
				CLANG_WARN_UNGUARDED_AVAILABILITY = YES_AGGRESSIVE;
				CLANG_WARN_UNREACHABLE_CODE = YES;
				CLANG_WARN__DUPLICATE_METHOD_MATCH = YES;
				COPY_PHASE_STRIP = NO;
				DEBUG_INFORMATION_FORMAT = dwarf;
				ENABLE_STRICT_OBJC_MSGSEND = YES;
				ENABLE_TESTABILITY = YES;
				ENABLE_USER_SCRIPT_SANDBOXING = YES;
				GCC_C_LANGUAGE_STANDARD = gnu17;
				GCC_DYNAMIC_NO_PIC = NO;
				GCC_NO_COMMON_BLOCKS = YES;
				GCC_OPTIMIZATION_LEVEL = 0;
				GCC_PREPROCESSOR_DEFINITIONS = (
					"DEBUG=1",
					"$(inherited)",
				);
				GCC_WARN_64_TO_32_BIT_CONVERSION = YES;
				GCC_WARN_ABOUT_RETURN_TYPE = YES_ERROR;
				GCC_WARN_UNDECLARED_SELECTOR = YES;
				GCC_WARN_UNINITIALIZED_AUTOS = YES_AGGRESSIVE;
				GCC_WARN_UNUSED_FUNCTION = YES;
				GCC_WARN_UNUSED_VARIABLE = YES;
				LOCALIZATION_PREFERS_STRING_CATALOGS = YES;
				MTL_ENABLE_DEBUG_INFO = INCLUDE_SOURCE;
				MTL_FAST_MATH = YES;
				ONLY_ACTIVE_ARCH = YES;
				SDKROOT = xros;
				SWIFT_ACTIVE_COMPILATION_CONDITIONS = "DEBUG $(inherited)";
				SWIFT_OPTIMIZATION_LEVEL = "-Onone";
				XROS_DEPLOYMENT_TARGET = 1.0;
			};
			name = Debug;
		};
		B637EE972ADC32750010BCC0 /* Release */ = {
			isa = XCBuildConfiguration;
			buildSettings = {
				ALWAYS_SEARCH_USER_PATHS = NO;
				ASSETCATALOG_COMPILER_GENERATE_SWIFT_ASSET_SYMBOL_EXTENSIONS = YES;
				CLANG_ANALYZER_NONNULL = YES;
				CLANG_ANALYZER_NUMBER_OBJECT_CONVERSION = YES_AGGRESSIVE;
				CLANG_CXX_LANGUAGE_STANDARD = "gnu++20";
				CLANG_ENABLE_MODULES = YES;
				CLANG_ENABLE_OBJC_ARC = YES;
				CLANG_ENABLE_OBJC_WEAK = YES;
				CLANG_WARN_BLOCK_CAPTURE_AUTORELEASING = YES;
				CLANG_WARN_BOOL_CONVERSION = YES;
				CLANG_WARN_COMMA = YES;
				CLANG_WARN_CONSTANT_CONVERSION = YES;
				CLANG_WARN_DEPRECATED_OBJC_IMPLEMENTATIONS = YES;
				CLANG_WARN_DIRECT_OBJC_ISA_USAGE = YES_ERROR;
				CLANG_WARN_DOCUMENTATION_COMMENTS = YES;
				CLANG_WARN_EMPTY_BODY = YES;
				CLANG_WARN_ENUM_CONVERSION = YES;
				CLANG_WARN_INFINITE_RECURSION = YES;
				CLANG_WARN_INT_CONVERSION = YES;
				CLANG_WARN_NON_LITERAL_NULL_CONVERSION = YES;
				CLANG_WARN_OBJC_IMPLICIT_RETAIN_SELF = YES;
				CLANG_WARN_OBJC_LITERAL_CONVERSION = YES;
				CLANG_WARN_OBJC_ROOT_CLASS = YES_ERROR;
				CLANG_WARN_QUOTED_INCLUDE_IN_FRAMEWORK_HEADER = YES;
				CLANG_WARN_RANGE_LOOP_ANALYSIS = YES;
				CLANG_WARN_STRICT_PROTOTYPES = YES;
				CLANG_WARN_SUSPICIOUS_MOVE = YES;
				CLANG_WARN_UNGUARDED_AVAILABILITY = YES_AGGRESSIVE;
				CLANG_WARN_UNREACHABLE_CODE = YES;
				CLANG_WARN__DUPLICATE_METHOD_MATCH = YES;
				COPY_PHASE_STRIP = NO;
				DEBUG_INFORMATION_FORMAT = "dwarf-with-dsym";
				ENABLE_NS_ASSERTIONS = NO;
				ENABLE_STRICT_OBJC_MSGSEND = YES;
				ENABLE_USER_SCRIPT_SANDBOXING = YES;
				GCC_C_LANGUAGE_STANDARD = gnu17;
				GCC_NO_COMMON_BLOCKS = YES;
				GCC_WARN_64_TO_32_BIT_CONVERSION = YES;
				GCC_WARN_ABOUT_RETURN_TYPE = YES_ERROR;
				GCC_WARN_UNDECLARED_SELECTOR = YES;
				GCC_WARN_UNINITIALIZED_AUTOS = YES_AGGRESSIVE;
				GCC_WARN_UNUSED_FUNCTION = YES;
				GCC_WARN_UNUSED_VARIABLE = YES;
				LOCALIZATION_PREFERS_STRING_CATALOGS = YES;
				MTL_ENABLE_DEBUG_INFO = NO;
				MTL_FAST_MATH = YES;
				SDKROOT = xros;
				SWIFT_COMPILATION_MODE = wholemodule;
				VALIDATE_PRODUCT = YES;
				XROS_DEPLOYMENT_TARGET = 1.0;
			};
			name = Release;
		};
		B637EE992ADC32750010BCC0 /* Debug */ = {
			isa = XCBuildConfiguration;
			buildSettings = {
				ASSETCATALOG_COMPILER_APPICON_NAME = AppIcon;
				ASSETCATALOG_COMPILER_GLOBAL_ACCENT_COLOR_NAME = AccentColor;
				CODE_SIGN_STYLE = Automatic;
				CURRENT_PROJECT_VERSION = 1;
				DEVELOPMENT_ASSET_PATHS = "\"TestProject/Preview Content\"";
				DEVELOPMENT_TEAM = 668Q5649C4;
				ENABLE_PREVIEWS = YES;
				ENABLE_USER_SCRIPT_SANDBOXING = NO;
				GENERATE_INFOPLIST_FILE = YES;
				INFOPLIST_FILE = "$(TARGET_NAME)/Info.plist";
				LD_RUNPATH_SEARCH_PATHS = (
					"$(inherited)",
					"@executable_path/Frameworks",
				);
				MARKETING_VERSION = 1.0;
				PRODUCT_BUNDLE_IDENTIFIER = de.nicosrm.thesis.TestProject;
				PRODUCT_NAME = "$(TARGET_NAME)";
				SUPPORTED_PLATFORMS = "xros xrsimulator";
				SWIFT_EMIT_LOC_STRINGS = YES;
				SWIFT_VERSION = 5.0;
				TARGETED_DEVICE_FAMILY = "1,2,7";
			};
			name = Debug;
		};
		B637EE9A2ADC32750010BCC0 /* Release */ = {
			isa = XCBuildConfiguration;
			buildSettings = {
				ASSETCATALOG_COMPILER_APPICON_NAME = AppIcon;
				ASSETCATALOG_COMPILER_GLOBAL_ACCENT_COLOR_NAME = AccentColor;
				CODE_SIGN_STYLE = Automatic;
				CURRENT_PROJECT_VERSION = 1;
				DEVELOPMENT_ASSET_PATHS = "\"TestProject/Preview Content\"";
				DEVELOPMENT_TEAM = 668Q5649C4;
				ENABLE_PREVIEWS = YES;
				ENABLE_USER_SCRIPT_SANDBOXING = NO;
				GENERATE_INFOPLIST_FILE = YES;
				INFOPLIST_FILE = "$(TARGET_NAME)/Info.plist";
				LD_RUNPATH_SEARCH_PATHS = (
					"$(inherited)",
					"@executable_path/Frameworks",
				);
				MARKETING_VERSION = 1.0;
				PRODUCT_BUNDLE_IDENTIFIER = de.nicosrm.thesis.TestProject;
				PRODUCT_NAME = "$(TARGET_NAME)";
				SUPPORTED_PLATFORMS = "xros xrsimulator";
				SWIFT_EMIT_LOC_STRINGS = YES;
				SWIFT_VERSION = 5.0;
				TARGETED_DEVICE_FAMILY = "1,2,7";
			};
			name = Release;
		};
/* End XCBuildConfiguration section */

/* Begin XCConfigurationList section */
		B637EE802ADC32740010BCC0 /* Build configuration list for PBXProject "TestProject" */ = {
			isa = XCConfigurationList;
			buildConfigurations = (
				B637EE962ADC32750010BCC0 /* Debug */,
				B637EE972ADC32750010BCC0 /* Release */,
			);
			defaultConfigurationIsVisible = 0;
			defaultConfigurationName = Release;
		};
		B637EE982ADC32750010BCC0 /* Build configuration list for PBXNativeTarget "TestProject" */ = {
			isa = XCConfigurationList;
			buildConfigurations = (
				B637EE992ADC32750010BCC0 /* Debug */,
				B637EE9A2ADC32750010BCC0 /* Release */,
			);
			defaultConfigurationIsVisible = 0;
			defaultConfigurationName = Release;
		};
/* End XCConfigurationList section */

/* Begin XCSwiftPackageProductDependency section */
		B637EE8A2ADC32740010BCC0 /* RealityKitContent */ = {
			isa = XCSwiftPackageProductDependency;
			productName = RealityKitContent;
		};
/* End XCSwiftPackageProductDependency section */
	};
	rootObject = B637EE7D2ADC32740010BCC0 /* Project object */;
}
